
Microsoft Visual Studio Solution File, Format Version 12.00
# Visual Studio Version 17
VisualStudioVersion = 17.5.33516.290
MinimumVisualStudioVersion = 10.0.40219.1
Project("{FAE04EC0-301F-11D3-BF4B-00C04F79EFBC}") = "CRUDOperationDotNetCoreMVC", "CRUDOperationDotNetCoreMVC.csproj", "{0F692494-2802-478E-89EE-53E63527531F}"
EndProject
Global
	GlobalSection(SolutionConfigurationPlatforms) = preSolution
		Debug|Any CPU = Debug|Any CPU
		Release|Any CPU = Release|Any CPU
	EndGlobalSection
	GlobalSection(ProjectConfigurationPlatforms) = postSolution
		{0F692494-2802-478E-89EE-53E63527531F}.Debug|Any CPU.ActiveCfg = Debug|Any CPU
		{0F692494-2802-478E-89EE-53E63527531F}.Debug|Any CPU.Build.0 = Debug|Any CPU
		{0F692494-2802-478E-89EE-53E63527531F}.Release|Any CPU.ActiveCfg = Release|Any CPU
		{0F692494-2802-478E-89EE-53E63527531F}.Release|Any CPU.Build.0 = Release|Any CPU
	EndGlobalSection
	GlobalSection(SolutionProperties) = preSolution
		HideSolutionNode = FALSE
	EndGlobalSection
	GlobalSection(ExtensibilityGlobals) = postSolution
		SolutionGuid = {97B165F0-7EFA-419A-BC9D-802BF0B33F38}
	EndGlobalSection
EndGlobal
